
Microsoft Visual Studio Solution File, Format Version 12.00
# Visual Studio Version 17
VisualStudioVersion = 17.2.32616.157
MinimumVisualStudioVersion = 10.0.40219.1
Project("{FAE04EC0-301F-11D3-BF4B-00C04F79EFBC}") = "OrderArray", "OrderArray\OrderArray.csproj", "{534EDCC4-37BB-4BFE-91CC-10BAD2530B10}"
EndProject
Global
	GlobalSection(SolutionConfigurationPlatforms) = preSolution
		Debug|Any CPU = Debug|Any CPU
		Release|Any CPU = Release|Any CPU
	EndGlobalSection
	GlobalSection(ProjectConfigurationPlatforms) = postSolution
		{534EDCC4-37BB-4BFE-91CC-10BAD2530B10}.Debug|Any CPU.ActiveCfg = Debug|Any CPU
		{534EDCC4-37BB-4BFE-91CC-10BAD2530B10}.Debug|Any CPU.Build.0 = Debug|Any CPU
		{534EDCC4-37BB-4BFE-91CC-10BAD2530B10}.Release|Any CPU.ActiveCfg = Release|Any CPU
		{534EDCC4-37BB-4BFE-91CC-10BAD2530B10}.Release|Any CPU.Build.0 = Release|Any CPU
	EndGlobalSection
	GlobalSection(SolutionProperties) = preSolution
		HideSolutionNode = FALSE
	EndGlobalSection
	GlobalSection(ExtensibilityGlobals) = postSolution
		SolutionGuid = {38F7CC1E-DFCF-41FB-AE98-F599F26983CF}
	EndGlobalSection
EndGlobal
